
Microsoft Visual Studio Solution File, Format Version 12.00
# Visual Studio Version 16
VisualStudioVersion = 16.0.30523.141
MinimumVisualStudioVersion = 10.0.40219.1
Project("{FAE04EC0-301F-11D3-BF4B-00C04F79EFBC}") = "KD Company", "KD Company\KD Company.csproj", "{F9515D3F-F045-4F76-8DF9-5368933B30A7}"
EndProject
Global
	GlobalSection(SolutionConfigurationPlatforms) = preSolution
		Debug|Any CPU = Debug|Any CPU
		Release|Any CPU = Release|Any CPU
	EndGlobalSection
	GlobalSection(ProjectConfigurationPlatforms) = postSolution
		{F9515D3F-F045-4F76-8DF9-5368933B30A7}.Debug|Any CPU.ActiveCfg = Debug|Any CPU
		{F9515D3F-F045-4F76-8DF9-5368933B30A7}.Debug|Any CPU.Build.0 = Debug|Any CPU
		{F9515D3F-F045-4F76-8DF9-5368933B30A7}.Release|Any CPU.ActiveCfg = Release|Any CPU
		{F9515D3F-F045-4F76-8DF9-5368933B30A7}.Release|Any CPU.Build.0 = Release|Any CPU
	EndGlobalSection
	GlobalSection(SolutionProperties) = preSolution
		HideSolutionNode = FALSE
	EndGlobalSection
	GlobalSection(ExtensibilityGlobals) = postSolution
		SolutionGuid = {4A8372C2-CD94-4DE4-BE2B-093ABDC06D7B}
	EndGlobalSection
EndGlobal
